
Microsoft Visual Studio Solution File, Format Version 12.00
# Visual Studio Version 17
VisualStudioVersion = 17.12.35521.163 d17.12
MinimumVisualStudioVersion = 10.0.40219.1
Project("{FAE04EC0-301F-11D3-BF4B-00C04F79EFBC}") = "BusinessLayer", "BusinessLayer\BusinessLayer.csproj", "{F4C4F80D-DD03-4D19-856C-F2B54EB0DCD8}"
EndProject
Project("{FAE04EC0-301F-11D3-BF4B-00C04F79EFBC}") = "DataLayer", "DataLayer\DataLayer.csproj", "{C77517FC-3C93-46F1-BBCF-9C2ABF42E992}"
EndProject
Project("{FAE04EC0-301F-11D3-BF4B-00C04F79EFBC}") = "MVCApplication", "MVCApplication\MVCApplication.csproj", "{1AF3121B-408A-4413-A937-2554E26D56AE}"
EndProject
Global
	GlobalSection(SolutionConfigurationPlatforms) = preSolution
		Debug|Any CPU = Debug|Any CPU
		Release|Any CPU = Release|Any CPU
	EndGlobalSection
	GlobalSection(ProjectConfigurationPlatforms) = postSolution
		{F4C4F80D-DD03-4D19-856C-F2B54EB0DCD8}.Debug|Any CPU.ActiveCfg = Debug|Any CPU
		{F4C4F80D-DD03-4D19-856C-F2B54EB0DCD8}.Debug|Any CPU.Build.0 = Debug|Any CPU
		{F4C4F80D-DD03-4D19-856C-F2B54EB0DCD8}.Release|Any CPU.ActiveCfg = Release|Any CPU
		{F4C4F80D-DD03-4D19-856C-F2B54EB0DCD8}.Release|Any CPU.Build.0 = Release|Any CPU
		{C77517FC-3C93-46F1-BBCF-9C2ABF42E992}.Debug|Any CPU.ActiveCfg = Debug|Any CPU
		{C77517FC-3C93-46F1-BBCF-9C2ABF42E992}.Debug|Any CPU.Build.0 = Debug|Any CPU
		{C77517FC-3C93-46F1-BBCF-9C2ABF42E992}.Release|Any CPU.ActiveCfg = Release|Any CPU
		{C77517FC-3C93-46F1-BBCF-9C2ABF42E992}.Release|Any CPU.Build.0 = Release|Any CPU
		{1AF3121B-408A-4413-A937-2554E26D56AE}.Debug|Any CPU.ActiveCfg = Debug|Any CPU
		{1AF3121B-408A-4413-A937-2554E26D56AE}.Debug|Any CPU.Build.0 = Debug|Any CPU
		{1AF3121B-408A-4413-A937-2554E26D56AE}.Release|Any CPU.ActiveCfg = Release|Any CPU
		{1AF3121B-408A-4413-A937-2554E26D56AE}.Release|Any CPU.Build.0 = Release|Any CPU
	EndGlobalSection
	GlobalSection(SolutionProperties) = preSolution
		HideSolutionNode = FALSE
	EndGlobalSection
EndGlobal
